
Microsoft Visual Studio Solution File, Format Version 12.00
# Visual Studio Version 16
VisualStudioVersion = 16.0.34407.143
MinimumVisualStudioVersion = 10.0.40219.1
Project("{FAE04EC0-301F-11D3-BF4B-00C04F79EFBC}") = "Cash Guard System", "Cash Guard System\Cash Guard System.csproj", "{501CB9A5-9C3E-4ACA-93FD-F6DA53EF9F41}"
EndProject
Global
	GlobalSection(SolutionConfigurationPlatforms) = preSolution
		Debug|Any CPU = Debug|Any CPU
		Release|Any CPU = Release|Any CPU
	EndGlobalSection
	GlobalSection(ProjectConfigurationPlatforms) = postSolution
		{501CB9A5-9C3E-4ACA-93FD-F6DA53EF9F41}.Debug|Any CPU.ActiveCfg = Debug|Any CPU
		{501CB9A5-9C3E-4ACA-93FD-F6DA53EF9F41}.Debug|Any CPU.Build.0 = Debug|Any CPU
		{501CB9A5-9C3E-4ACA-93FD-F6DA53EF9F41}.Release|Any CPU.ActiveCfg = Release|Any CPU
		{501CB9A5-9C3E-4ACA-93FD-F6DA53EF9F41}.Release|Any CPU.Build.0 = Release|Any CPU
	EndGlobalSection
	GlobalSection(SolutionProperties) = preSolution
		HideSolutionNode = FALSE
	EndGlobalSection
	GlobalSection(ExtensibilityGlobals) = postSolution
		SolutionGuid = {F3531586-AFBF-492D-95CF-F71DD318C77A}
	EndGlobalSection
EndGlobal
